
Microsoft Visual Studio Solution File, Format Version 12.00
# Visual Studio Version 17
VisualStudioVersion = 17.14.36511.14 d17.14
MinimumVisualStudioVersion = 10.0.40219.1
Project("{8BC9CEB8-8B4A-11D0-8D11-00A0C91BC942}") = "A+B", "Homework 1\Homework 1.vcxproj", "{DDE7DDC1-5DEE-4D73-B6CC-838A9BC9E544}"
EndProject
Project("{8BC9CEB8-8B4A-11D0-8D11-00A0C91BC942}") = "nt", "A+B\A+B.vcxproj", "{4E6D6E92-13D1-4472-AEF0-1AD6AAA46FD0}"
EndProject
Project("{8BC9CEB8-8B4A-11D0-8D11-00A0C91BC942}") = "b", "b\b.vcxproj", "{19E4A473-F99C-410D-B695-14C5ABD6EE47}"
EndProject
Project("{8BC9CEB8-8B4A-11D0-8D11-00A0C91BC942}") = "an", "an\an.vcxproj", "{221529C2-496E-4F13-9086-2020D028D4CE}"
EndProject
Project("{8BC9CEB8-8B4A-11D0-8D11-00A0C91BC942}") = "snp", "snp\snp.vcxproj", "{FA3E19F7-8109-4814-8BB5-C0E13DAB9752}"
EndProject
Project("{8BC9CEB8-8B4A-11D0-8D11-00A0C91BC942}") = "2ban", "2ban\2ban.vcxproj", "{71DF0DDA-05F9-4548-BE1C-E96C85D1F775}"
EndProject
Project("{8BC9CEB8-8B4A-11D0-8D11-00A0C91BC942}") = "hello", "hello\hello.vcxproj", "{A0640291-65A5-404D-9FF7-7F886CC04396}"
EndProject
Project("{8BC9CEB8-8B4A-11D0-8D11-00A0C91BC942}") = "game", "game\game.vcxproj", "{B971F456-B267-45E4-9EF4-2FE35A2E5DE8}"
EndProject
Project("{8BC9CEB8-8B4A-11D0-8D11-00A0C91BC942}") = "sokp", "sokp\sokp.vcxproj", "{157DA5F4-EE54-4FA2-B079-FA1D084EA0C1}"
EndProject
Project("{8BC9CEB8-8B4A-11D0-8D11-00A0C91BC942}") = "A+B+C", "A+B+C\A+B+C.vcxproj", "{9A5E5D18-D31F-4A58-BD4E-DDC5CEA091C0}"
EndProject
Project("{8BC9CEB8-8B4A-11D0-8D11-00A0C91BC942}") = "vmk", "vmk\vmk.vcxproj", "{4B31D6F4-A8D3-4A1E-9171-393850677E75}"
EndProject
Project("{8BC9CEB8-8B4A-11D0-8D11-00A0C91BC942}") = "tandj", "tandj\tandj.vcxproj", "{D283628D-1C19-46DB-86F4-9926AB42BD7A}"
EndProject
Project("{8BC9CEB8-8B4A-11D0-8D11-00A0C91BC942}") = "stvk", "stvk\stvk.vcxproj", "{6EF4D76A-74B8-4E94-8D12-1F53BBA4CB5C}"
EndProject
Project("{8BC9CEB8-8B4A-11D0-8D11-00A0C91BC942}") = "5525", "5525\5525.vcxproj", "{3669443C-9176-4D22-B693-25788F010513}"
EndProject
Project("{8BC9CEB8-8B4A-11D0-8D11-00A0C91BC942}") = "lastnum", "lastnum\lastnum.vcxproj", "{FA39147C-4808-44B2-8216-C65AF487E27C}"
EndProject
Project("{8BC9CEB8-8B4A-11D0-8D11-00A0C91BC942}") = "chdes", "chdes\chdes.vcxproj", "{CF217464-A340-4AB0-88CB-28E56442E256}"
EndProject
Project("{8BC9CEB8-8B4A-11D0-8D11-00A0C91BC942}") = "sumcch", "sumcch\sumcch.vcxproj", "{8DE7F888-D7A2-42CE-9B92-300F2DB84063}"
EndProject
Project("{8BC9CEB8-8B4A-11D0-8D11-00A0C91BC942}") = "perev", "perev\perev.vcxproj", "{B420142D-060B-43F3-9FA0-C9AB26E3AA7D}"
EndProject
Project("{8BC9CEB8-8B4A-11D0-8D11-00A0C91BC942}") = "provdelim", "provdelim\provdelim.vcxproj", "{5EA5C80D-AF08-4106-8319-3731DBFE3121}"
EndProject
Project("{8BC9CEB8-8B4A-11D0-8D11-00A0C91BC942}") = "delyabl", "delyabl\delyabl.vcxproj", "{8E075DFA-BBF5-48CE-AEF3-75AA1A198D2B}"
EndProject
Project("{8BC9CEB8-8B4A-11D0-8D11-00A0C91BC942}") = "mkad", "mkad\mkad.vcxproj", "{B09E69E9-5033-4AC1-9818-4478954C665E}"
EndProject
Global
	GlobalSection(SolutionConfigurationPlatforms) = preSolution
		Debug|x64 = Debug|x64
		Debug|x86 = Debug|x86
		Release|x64 = Release|x64
		Release|x86 = Release|x86
	EndGlobalSection
	GlobalSection(ProjectConfigurationPlatforms) = postSolution
		{DDE7DDC1-5DEE-4D73-B6CC-838A9BC9E544}.Debug|x64.ActiveCfg = Debug|x64
		{DDE7DDC1-5DEE-4D73-B6CC-838A9BC9E544}.Debug|x64.Build.0 = Debug|x64
		{DDE7DDC1-5DEE-4D73-B6CC-838A9BC9E544}.Debug|x86.ActiveCfg = Debug|Win32
		{DDE7DDC1-5DEE-4D73-B6CC-838A9BC9E544}.Debug|x86.Build.0 = Debug|Win32
		{DDE7DDC1-5DEE-4D73-B6CC-838A9BC9E544}.Release|x64.ActiveCfg = Release|x64
		{DDE7DDC1-5DEE-4D73-B6CC-838A9BC9E544}.Release|x64.Build.0 = Release|x64
		{DDE7DDC1-5DEE-4D73-B6CC-838A9BC9E544}.Release|x86.ActiveCfg = Release|Win32
		{DDE7DDC1-5DEE-4D73-B6CC-838A9BC9E544}.Release|x86.Build.0 = Release|Win32
		{4E6D6E92-13D1-4472-AEF0-1AD6AAA46FD0}.Debug|x64.ActiveCfg = Debug|x64
		{4E6D6E92-13D1-4472-AEF0-1AD6AAA46FD0}.Debug|x64.Build.0 = Debug|x64
		{4E6D6E92-13D1-4472-AEF0-1AD6AAA46FD0}.Debug|x86.ActiveCfg = Debug|Win32
		{4E6D6E92-13D1-4472-AEF0-1AD6AAA46FD0}.Debug|x86.Build.0 = Debug|Win32
		{4E6D6E92-13D1-4472-AEF0-1AD6AAA46FD0}.Release|x64.ActiveCfg = Release|x64
		{4E6D6E92-13D1-4472-AEF0-1AD6AAA46FD0}.Release|x64.Build.0 = Release|x64
		{4E6D6E92-13D1-4472-AEF0-1AD6AAA46FD0}.Release|x86.ActiveCfg = Release|Win32
		{4E6D6E92-13D1-4472-AEF0-1AD6AAA46FD0}.Release|x86.Build.0 = Release|Win32
		{19E4A473-F99C-410D-B695-14C5ABD6EE47}.Debug|x64.ActiveCfg = Debug|x64
		{19E4A473-F99C-410D-B695-14C5ABD6EE47}.Debug|x64.Build.0 = Debug|x64
		{19E4A473-F99C-410D-B695-14C5ABD6EE47}.Debug|x86.ActiveCfg = Debug|Win32
		{19E4A473-F99C-410D-B695-14C5ABD6EE47}.Debug|x86.Build.0 = Debug|Win32
		{19E4A473-F99C-410D-B695-14C5ABD6EE47}.Release|x64.ActiveCfg = Release|x64
		{19E4A473-F99C-410D-B695-14C5ABD6EE47}.Release|x64.Build.0 = Release|x64
		{19E4A473-F99C-410D-B695-14C5ABD6EE47}.Release|x86.ActiveCfg = Release|Win32
		{19E4A473-F99C-410D-B695-14C5ABD6EE47}.Release|x86.Build.0 = Release|Win32
		{221529C2-496E-4F13-9086-2020D028D4CE}.Debug|x64.ActiveCfg = Debug|x64
		{221529C2-496E-4F13-9086-2020D028D4CE}.Debug|x64.Build.0 = Debug|x64
		{221529C2-496E-4F13-9086-2020D028D4CE}.Debug|x86.ActiveCfg = Debug|Win32
		{221529C2-496E-4F13-9086-2020D028D4CE}.Debug|x86.Build.0 = Debug|Win32
		{221529C2-496E-4F13-9086-2020D028D4CE}.Release|x64.ActiveCfg = Release|x64
		{221529C2-496E-4F13-9086-2020D028D4CE}.Release|x64.Build.0 = Release|x64
		{221529C2-496E-4F13-9086-2020D028D4CE}.Release|x86.ActiveCfg = Release|Win32
		{221529C2-496E-4F13-9086-2020D028D4CE}.Release|x86.Build.0 = Release|Win32
		{FA3E19F7-8109-4814-8BB5-C0E13DAB9752}.Debug|x64.ActiveCfg = Debug|x64
		{FA3E19F7-8109-4814-8BB5-C0E13DAB9752}.Debug|x64.Build.0 = Debug|x64
		{FA3E19F7-8109-4814-8BB5-C0E13DAB9752}.Debug|x86.ActiveCfg = Debug|Win32
		{FA3E19F7-8109-4814-8BB5-C0E13DAB9752}.Debug|x86.Build.0 = Debug|Win32
		{FA3E19F7-8109-4814-8BB5-C0E13DAB9752}.Release|x64.ActiveCfg = Release|x64
		{FA3E19F7-8109-4814-8BB5-C0E13DAB9752}.Release|x64.Build.0 = Release|x64
		{FA3E19F7-8109-4814-8BB5-C0E13DAB9752}.Release|x86.ActiveCfg = Release|Win32
		{FA3E19F7-8109-4814-8BB5-C0E13DAB9752}.Release|x86.Build.0 = Release|Win32
		{71DF0DDA-05F9-4548-BE1C-E96C85D1F775}.Debug|x64.ActiveCfg = Debug|x64
		{71DF0DDA-05F9-4548-BE1C-E96C85D1F775}.Debug|x64.Build.0 = Debug|x64
		{71DF0DDA-05F9-4548-BE1C-E96C85D1F775}.Debug|x86.ActiveCfg = Debug|Win32
		{71DF0DDA-05F9-4548-BE1C-E96C85D1F775}.Debug|x86.Build.0 = Debug|Win32
		{71DF0DDA-05F9-4548-BE1C-E96C85D1F775}.Release|x64.ActiveCfg = Release|x64
		{71DF0DDA-05F9-4548-BE1C-E96C85D1F775}.Release|x64.Build.0 = Release|x64
		{71DF0DDA-05F9-4548-BE1C-E96C85D1F775}.Release|x86.ActiveCfg = Release|Win32
		{71DF0DDA-05F9-4548-BE1C-E96C85D1F775}.Release|x86.Build.0 = Release|Win32
		{A0640291-65A5-404D-9FF7-7F886CC04396}.Debug|x64.ActiveCfg = Debug|x64
		{A0640291-65A5-404D-9FF7-7F886CC04396}.Debug|x64.Build.0 = Debug|x64
		{A0640291-65A5-404D-9FF7-7F886CC04396}.Debug|x86.ActiveCfg = Debug|Win32
		{A0640291-65A5-404D-9FF7-7F886CC04396}.Debug|x86.Build.0 = Debug|Win32
		{A0640291-65A5-404D-9FF7-7F886CC04396}.Release|x64.ActiveCfg = Release|x64
		{A0640291-65A5-404D-9FF7-7F886CC04396}.Release|x64.Build.0 = Release|x64
		{A0640291-65A5-404D-9FF7-7F886CC04396}.Release|x86.ActiveCfg = Release|Win32
		{A0640291-65A5-404D-9FF7-7F886CC04396}.Release|x86.Build.0 = Release|Win32
		{B971F456-B267-45E4-9EF4-2FE35A2E5DE8}.Debug|x64.ActiveCfg = Debug|x64
		{B971F456-B267-45E4-9EF4-2FE35A2E5DE8}.Debug|x64.Build.0 = Debug|x64
		{B971F456-B267-45E4-9EF4-2FE35A2E5DE8}.Debug|x86.ActiveCfg = Debug|Win32
		{B971F456-B267-45E4-9EF4-2FE35A2E5DE8}.Debug|x86.Build.0 = Debug|Win32
		{B971F456-B267-45E4-9EF4-2FE35A2E5DE8}.Release|x64.ActiveCfg = Release|x64
		{B971F456-B267-45E4-9EF4-2FE35A2E5DE8}.Release|x64.Build.0 = Release|x64
		{B971F456-B267-45E4-9EF4-2FE35A2E5DE8}.Release|x86.ActiveCfg = Release|Win32
		{B971F456-B267-45E4-9EF4-2FE35A2E5DE8}.Release|x86.Build.0 = Release|Win32
		{157DA5F4-EE54-4FA2-B079-FA1D084EA0C1}.Debug|x64.ActiveCfg = Debug|x64
		{157DA5F4-EE54-4FA2-B079-FA1D084EA0C1}.Debug|x64.Build.0 = Debug|x64
		{157DA5F4-EE54-4FA2-B079-FA1D084EA0C1}.Debug|x86.ActiveCfg = Debug|Win32
		{157DA5F4-EE54-4FA2-B079-FA1D084EA0C1}.Debug|x86.Build.0 = Debug|Win32
		{157DA5F4-EE54-4FA2-B079-FA1D084EA0C1}.Release|x64.ActiveCfg = Release|x64
		{157DA5F4-EE54-4FA2-B079-FA1D084EA0C1}.Release|x64.Build.0 = Release|x64
		{157DA5F4-EE54-4FA2-B079-FA1D084EA0C1}.Release|x86.ActiveCfg = Release|Win32
		{157DA5F4-EE54-4FA2-B079-FA1D084EA0C1}.Release|x86.Build.0 = Release|Win32
		{9A5E5D18-D31F-4A58-BD4E-DDC5CEA091C0}.Debug|x64.ActiveCfg = Debug|x64
		{9A5E5D18-D31F-4A58-BD4E-DDC5CEA091C0}.Debug|x64.Build.0 = Debug|x64
		{9A5E5D18-D31F-4A58-BD4E-DDC5CEA091C0}.Debug|x86.ActiveCfg = Debug|Win32
		{9A5E5D18-D31F-4A58-BD4E-DDC5CEA091C0}.Debug|x86.Build.0 = Debug|Win32
		{9A5E5D18-D31F-4A58-BD4E-DDC5CEA091C0}.Release|x64.ActiveCfg = Release|x64
		{9A5E5D18-D31F-4A58-BD4E-DDC5CEA091C0}.Release|x64.Build.0 = Release|x64
		{9A5E5D18-D31F-4A58-BD4E-DDC5CEA091C0}.Release|x86.ActiveCfg = Release|Win32
		{9A5E5D18-D31F-4A58-BD4E-DDC5CEA091C0}.Release|x86.Build.0 = Release|Win32
		{4B31D6F4-A8D3-4A1E-9171-393850677E75}.Debug|x64.ActiveCfg = Debug|x64
		{4B31D6F4-A8D3-4A1E-9171-393850677E75}.Debug|x64.Build.0 = Debug|x64
		{4B31D6F4-A8D3-4A1E-9171-393850677E75}.Debug|x86.ActiveCfg = Debug|Win32
		{4B31D6F4-A8D3-4A1E-9171-393850677E75}.Debug|x86.Build.0 = Debug|Win32
		{4B31D6F4-A8D3-4A1E-9171-393850677E75}.Release|x64.ActiveCfg = Release|x64
		{4B31D6F4-A8D3-4A1E-9171-393850677E75}.Release|x64.Build.0 = Release|x64
		{4B31D6F4-A8D3-4A1E-9171-393850677E75}.Release|x86.ActiveCfg = Release|Win32
		{4B31D6F4-A8D3-4A1E-9171-393850677E75}.Release|x86.Build.0 = Release|Win32
		{D283628D-1C19-46DB-86F4-9926AB42BD7A}.Debug|x64.ActiveCfg = Debug|x64
		{D283628D-1C19-46DB-86F4-9926AB42BD7A}.Debug|x64.Build.0 = Debug|x64
		{D283628D-1C19-46DB-86F4-9926AB42BD7A}.Debug|x86.ActiveCfg = Debug|Win32
		{D283628D-1C19-46DB-86F4-9926AB42BD7A}.Debug|x86.Build.0 = Debug|Win32
		{D283628D-1C19-46DB-86F4-9926AB42BD7A}.Release|x64.ActiveCfg = Release|x64
		{D283628D-1C19-46DB-86F4-9926AB42BD7A}.Release|x64.Build.0 = Release|x64
		{D283628D-1C19-46DB-86F4-9926AB42BD7A}.Release|x86.ActiveCfg = Release|Win32
		{D283628D-1C19-46DB-86F4-9926AB42BD7A}.Release|x86.Build.0 = Release|Win32
		{6EF4D76A-74B8-4E94-8D12-1F53BBA4CB5C}.Debug|x64.ActiveCfg = Debug|x64
		{6EF4D76A-74B8-4E94-8D12-1F53BBA4CB5C}.Debug|x64.Build.0 = Debug|x64
		{6EF4D76A-74B8-4E94-8D12-1F53BBA4CB5C}.Debug|x86.ActiveCfg = Debug|Win32
		{6EF4D76A-74B8-4E94-8D12-1F53BBA4CB5C}.Debug|x86.Build.0 = Debug|Win32
		{6EF4D76A-74B8-4E94-8D12-1F53BBA4CB5C}.Release|x64.ActiveCfg = Release|x64
		{6EF4D76A-74B8-4E94-8D12-1F53BBA4CB5C}.Release|x64.Build.0 = Release|x64
		{6EF4D76A-74B8-4E94-8D12-1F53BBA4CB5C}.Release|x86.ActiveCfg = Release|Win32
		{6EF4D76A-74B8-4E94-8D12-1F53BBA4CB5C}.Release|x86.Build.0 = Release|Win32
		{3669443C-9176-4D22-B693-25788F010513}.Debug|x64.ActiveCfg = Debug|x64
		{3669443C-9176-4D22-B693-25788F010513}.Debug|x64.Build.0 = Debug|x64
		{3669443C-9176-4D22-B693-25788F010513}.Debug|x86.ActiveCfg = Debug|Win32
		{3669443C-9176-4D22-B693-25788F010513}.Debug|x86.Build.0 = Debug|Win32
		{3669443C-9176-4D22-B693-25788F010513}.Release|x64.ActiveCfg = Release|x64
		{3669443C-9176-4D22-B693-25788F010513}.Release|x64.Build.0 = Release|x64
		{3669443C-9176-4D22-B693-25788F010513}.Release|x86.ActiveCfg = Release|Win32
		{3669443C-9176-4D22-B693-25788F010513}.Release|x86.Build.0 = Release|Win32
		{FA39147C-4808-44B2-8216-C65AF487E27C}.Debug|x64.ActiveCfg = Debug|x64
		{FA39147C-4808-44B2-8216-C65AF487E27C}.Debug|x64.Build.0 = Debug|x64
		{FA39147C-4808-44B2-8216-C65AF487E27C}.Debug|x86.ActiveCfg = Debug|Win32
		{FA39147C-4808-44B2-8216-C65AF487E27C}.Debug|x86.Build.0 = Debug|Win32
		{FA39147C-4808-44B2-8216-C65AF487E27C}.Release|x64.ActiveCfg = Release|x64
		{FA39147C-4808-44B2-8216-C65AF487E27C}.Release|x64.Build.0 = Release|x64
		{FA39147C-4808-44B2-8216-C65AF487E27C}.Release|x86.ActiveCfg = Release|Win32
		{FA39147C-4808-44B2-8216-C65AF487E27C}.Release|x86.Build.0 = Release|Win32
		{CF217464-A340-4AB0-88CB-28E56442E256}.Debug|x64.ActiveCfg = Debug|x64
		{CF217464-A340-4AB0-88CB-28E56442E256}.Debug|x64.Build.0 = Debug|x64
		{CF217464-A340-4AB0-88CB-28E56442E256}.Debug|x86.ActiveCfg = Debug|Win32
		{CF217464-A340-4AB0-88CB-28E56442E256}.Debug|x86.Build.0 = Debug|Win32
		{CF217464-A340-4AB0-88CB-28E56442E256}.Release|x64.ActiveCfg = Release|x64
		{CF217464-A340-4AB0-88CB-28E56442E256}.Release|x64.Build.0 = Release|x64
		{CF217464-A340-4AB0-88CB-28E56442E256}.Release|x86.ActiveCfg = Release|Win32
		{CF217464-A340-4AB0-88CB-28E56442E256}.Release|x86.Build.0 = Release|Win32
		{8DE7F888-D7A2-42CE-9B92-300F2DB84063}.Debug|x64.ActiveCfg = Debug|x64
		{8DE7F888-D7A2-42CE-9B92-300F2DB84063}.Debug|x64.Build.0 = Debug|x64
		{8DE7F888-D7A2-42CE-9B92-300F2DB84063}.Debug|x86.ActiveCfg = Debug|Win32
		{8DE7F888-D7A2-42CE-9B92-300F2DB84063}.Debug|x86.Build.0 = Debug|Win32
		{8DE7F888-D7A2-42CE-9B92-300F2DB84063}.Release|x64.ActiveCfg = Release|x64
		{8DE7F888-D7A2-42CE-9B92-300F2DB84063}.Release|x64.Build.0 = Release|x64
		{8DE7F888-D7A2-42CE-9B92-300F2DB84063}.Release|x86.ActiveCfg = Release|Win32
		{8DE7F888-D7A2-42CE-9B92-300F2DB84063}.Release|x86.Build.0 = Release|Win32
		{B420142D-060B-43F3-9FA0-C9AB26E3AA7D}.Debug|x64.ActiveCfg = Debug|x64
		{B420142D-060B-43F3-9FA0-C9AB26E3AA7D}.Debug|x64.Build.0 = Debug|x64
		{B420142D-060B-43F3-9FA0-C9AB26E3AA7D}.Debug|x86.ActiveCfg = Debug|Win32
		{B420142D-060B-43F3-9FA0-C9AB26E3AA7D}.Debug|x86.Build.0 = Debug|Win32
		{B420142D-060B-43F3-9FA0-C9AB26E3AA7D}.Release|x64.ActiveCfg = Release|x64
		{B420142D-060B-43F3-9FA0-C9AB26E3AA7D}.Release|x64.Build.0 = Release|x64
		{B420142D-060B-43F3-9FA0-C9AB26E3AA7D}.Release|x86.ActiveCfg = Release|Win32
		{B420142D-060B-43F3-9FA0-C9AB26E3AA7D}.Release|x86.Build.0 = Release|Win32
		{5EA5C80D-AF08-4106-8319-3731DBFE3121}.Debug|x64.ActiveCfg = Debug|x64
		{5EA5C80D-AF08-4106-8319-3731DBFE3121}.Debug|x64.Build.0 = Debug|x64
		{5EA5C80D-AF08-4106-8319-3731DBFE3121}.Debug|x86.ActiveCfg = Debug|Win32
		{5EA5C80D-AF08-4106-8319-3731DBFE3121}.Debug|x86.Build.0 = Debug|Win32
		{5EA5C80D-AF08-4106-8319-3731DBFE3121}.Release|x64.ActiveCfg = Release|x64
		{5EA5C80D-AF08-4106-8319-3731DBFE3121}.Release|x64.Build.0 = Release|x64
		{5EA5C80D-AF08-4106-8319-3731DBFE3121}.Release|x86.ActiveCfg = Release|Win32
		{5EA5C80D-AF08-4106-8319-3731DBFE3121}.Release|x86.Build.0 = Release|Win32
		{8E075DFA-BBF5-48CE-AEF3-75AA1A198D2B}.Debug|x64.ActiveCfg = Debug|x64
		{8E075DFA-BBF5-48CE-AEF3-75AA1A198D2B}.Debug|x64.Build.0 = Debug|x64
		{8E075DFA-BBF5-48CE-AEF3-75AA1A198D2B}.Debug|x86.ActiveCfg = Debug|Win32
		{8E075DFA-BBF5-48CE-AEF3-75AA1A198D2B}.Debug|x86.Build.0 = Debug|Win32
		{8E075DFA-BBF5-48CE-AEF3-75AA1A198D2B}.Release|x64.ActiveCfg = Release|x64
		{8E075DFA-BBF5-48CE-AEF3-75AA1A198D2B}.Release|x64.Build.0 = Release|x64
		{8E075DFA-BBF5-48CE-AEF3-75AA1A198D2B}.Release|x86.ActiveCfg = Release|Win32
		{8E075DFA-BBF5-48CE-AEF3-75AA1A198D2B}.Release|x86.Build.0 = Release|Win32
		{B09E69E9-5033-4AC1-9818-4478954C665E}.Debug|x64.ActiveCfg = Debug|x64
		{B09E69E9-5033-4AC1-9818-4478954C665E}.Debug|x64.Build.0 = Debug|x64
		{B09E69E9-5033-4AC1-9818-4478954C665E}.Debug|x86.ActiveCfg = Debug|Win32
		{B09E69E9-5033-4AC1-9818-4478954C665E}.Debug|x86.Build.0 = Debug|Win32
		{B09E69E9-5033-4AC1-9818-4478954C665E}.Release|x64.ActiveCfg = Release|x64
		{B09E69E9-5033-4AC1-9818-4478954C665E}.Release|x64.Build.0 = Release|x64
		{B09E69E9-5033-4AC1-9818-4478954C665E}.Release|x86.ActiveCfg = Release|Win32
		{B09E69E9-5033-4AC1-9818-4478954C665E}.Release|x86.Build.0 = Release|Win32
	EndGlobalSection
	GlobalSection(SolutionProperties) = preSolution
		HideSolutionNode = FALSE
	EndGlobalSection
	GlobalSection(ExtensibilityGlobals) = postSolution
		SolutionGuid = {C46760E0-D5F3-427C-8013-7CD5CCD24B62}
	EndGlobalSection
EndGlobal
