
Microsoft Visual Studio Solution File, Format Version 12.00
# Visual Studio Version 17
VisualStudioVersion = 17.14.36705.20 d17.14
MinimumVisualStudioVersion = 10.0.40219.1
Project("{8BC9CEB8-8B4A-11D0-8D11-00A0C91BC942}") = "Project1", "Project1\Project1.vcxproj", "{CA3B5E75-ABD2-47A9-9F11-A2494B4876DA}"
EndProject
Project("{8BC9CEB8-8B4A-11D0-8D11-00A0C91BC942}") = "Project2", "Project2\Project2.vcxproj", "{0FC7001F-99C3-40D9-943D-2B748131BFB8}"
EndProject
Project("{8BC9CEB8-8B4A-11D0-8D11-00A0C91BC942}") = "Project3", "Project3\Project3.vcxproj", "{8E1EDB84-3BC9-4769-B9D0-B39A44B2A79F}"
EndProject
Project("{8BC9CEB8-8B4A-11D0-8D11-00A0C91BC942}") = "Project4", "Project4\Project4.vcxproj", "{94ABEE8C-8CD9-4B0E-993F-3ED2A45B7B9C}"
EndProject
Project("{8BC9CEB8-8B4A-11D0-8D11-00A0C91BC942}") = "Project5", "Project5\Project5.vcxproj", "{CDD054CE-18DA-471F-939F-7322D681CDE3}"
EndProject
Project("{8BC9CEB8-8B4A-11D0-8D11-00A0C91BC942}") = "Project6", "Project6\Project6.vcxproj", "{6F449F24-D4FD-4E42-9BAD-B5AF3334DF9F}"
EndProject
Project("{8BC9CEB8-8B4A-11D0-8D11-00A0C91BC942}") = "Project7", "Project7\Project7.vcxproj", "{4AE6A974-5BB1-4098-A550-A28AAE7224E5}"
EndProject
Project("{8BC9CEB8-8B4A-11D0-8D11-00A0C91BC942}") = "Project8", "Project8\Project8.vcxproj", "{48D59D83-088E-412B-928F-54D234E2BCA1}"
EndProject
Global
	GlobalSection(SolutionConfigurationPlatforms) = preSolution
		Debug|x64 = Debug|x64
		Debug|x86 = Debug|x86
		Release|x64 = Release|x64
		Release|x86 = Release|x86
	EndGlobalSection
	GlobalSection(ProjectConfigurationPlatforms) = postSolution
		{CA3B5E75-ABD2-47A9-9F11-A2494B4876DA}.Debug|x64.ActiveCfg = Debug|x64
		{CA3B5E75-ABD2-47A9-9F11-A2494B4876DA}.Debug|x64.Build.0 = Debug|x64
		{CA3B5E75-ABD2-47A9-9F11-A2494B4876DA}.Debug|x86.ActiveCfg = Debug|Win32
		{CA3B5E75-ABD2-47A9-9F11-A2494B4876DA}.Debug|x86.Build.0 = Debug|Win32
		{CA3B5E75-ABD2-47A9-9F11-A2494B4876DA}.Release|x64.ActiveCfg = Release|x64
		{CA3B5E75-ABD2-47A9-9F11-A2494B4876DA}.Release|x64.Build.0 = Release|x64
		{CA3B5E75-ABD2-47A9-9F11-A2494B4876DA}.Release|x86.ActiveCfg = Release|Win32
		{CA3B5E75-ABD2-47A9-9F11-A2494B4876DA}.Release|x86.Build.0 = Release|Win32
		{0FC7001F-99C3-40D9-943D-2B748131BFB8}.Debug|x64.ActiveCfg = Debug|x64
		{0FC7001F-99C3-40D9-943D-2B748131BFB8}.Debug|x64.Build.0 = Debug|x64
		{0FC7001F-99C3-40D9-943D-2B748131BFB8}.Debug|x86.ActiveCfg = Debug|Win32
		{0FC7001F-99C3-40D9-943D-2B748131BFB8}.Debug|x86.Build.0 = Debug|Win32
		{0FC7001F-99C3-40D9-943D-2B748131BFB8}.Release|x64.ActiveCfg = Release|x64
		{0FC7001F-99C3-40D9-943D-2B748131BFB8}.Release|x64.Build.0 = Release|x64
		{0FC7001F-99C3-40D9-943D-2B748131BFB8}.Release|x86.ActiveCfg = Release|Win32
		{0FC7001F-99C3-40D9-943D-2B748131BFB8}.Release|x86.Build.0 = Release|Win32
		{8E1EDB84-3BC9-4769-B9D0-B39A44B2A79F}.Debug|x64.ActiveCfg = Debug|x64
		{8E1EDB84-3BC9-4769-B9D0-B39A44B2A79F}.Debug|x64.Build.0 = Debug|x64
		{8E1EDB84-3BC9-4769-B9D0-B39A44B2A79F}.Debug|x86.ActiveCfg = Debug|Win32
		{8E1EDB84-3BC9-4769-B9D0-B39A44B2A79F}.Debug|x86.Build.0 = Debug|Win32
		{8E1EDB84-3BC9-4769-B9D0-B39A44B2A79F}.Release|x64.ActiveCfg = Release|x64
		{8E1EDB84-3BC9-4769-B9D0-B39A44B2A79F}.Release|x64.Build.0 = Release|x64
		{8E1EDB84-3BC9-4769-B9D0-B39A44B2A79F}.Release|x86.ActiveCfg = Release|Win32
		{8E1EDB84-3BC9-4769-B9D0-B39A44B2A79F}.Release|x86.Build.0 = Release|Win32
		{94ABEE8C-8CD9-4B0E-993F-3ED2A45B7B9C}.Debug|x64.ActiveCfg = Debug|x64
		{94ABEE8C-8CD9-4B0E-993F-3ED2A45B7B9C}.Debug|x64.Build.0 = Debug|x64
		{94ABEE8C-8CD9-4B0E-993F-3ED2A45B7B9C}.Debug|x86.ActiveCfg = Debug|Win32
		{94ABEE8C-8CD9-4B0E-993F-3ED2A45B7B9C}.Debug|x86.Build.0 = Debug|Win32
		{94ABEE8C-8CD9-4B0E-993F-3ED2A45B7B9C}.Release|x64.ActiveCfg = Release|x64
		{94ABEE8C-8CD9-4B0E-993F-3ED2A45B7B9C}.Release|x64.Build.0 = Release|x64
		{94ABEE8C-8CD9-4B0E-993F-3ED2A45B7B9C}.Release|x86.ActiveCfg = Release|Win32
		{94ABEE8C-8CD9-4B0E-993F-3ED2A45B7B9C}.Release|x86.Build.0 = Release|Win32
		{CDD054CE-18DA-471F-939F-7322D681CDE3}.Debug|x64.ActiveCfg = Debug|x64
		{CDD054CE-18DA-471F-939F-7322D681CDE3}.Debug|x64.Build.0 = Debug|x64
		{CDD054CE-18DA-471F-939F-7322D681CDE3}.Debug|x86.ActiveCfg = Debug|Win32
		{CDD054CE-18DA-471F-939F-7322D681CDE3}.Debug|x86.Build.0 = Debug|Win32
		{CDD054CE-18DA-471F-939F-7322D681CDE3}.Release|x64.ActiveCfg = Release|x64
		{CDD054CE-18DA-471F-939F-7322D681CDE3}.Release|x64.Build.0 = Release|x64
		{CDD054CE-18DA-471F-939F-7322D681CDE3}.Release|x86.ActiveCfg = Release|Win32
		{CDD054CE-18DA-471F-939F-7322D681CDE3}.Release|x86.Build.0 = Release|Win32
		{6F449F24-D4FD-4E42-9BAD-B5AF3334DF9F}.Debug|x64.ActiveCfg = Debug|x64
		{6F449F24-D4FD-4E42-9BAD-B5AF3334DF9F}.Debug|x64.Build.0 = Debug|x64
		{6F449F24-D4FD-4E42-9BAD-B5AF3334DF9F}.Debug|x86.ActiveCfg = Debug|Win32
		{6F449F24-D4FD-4E42-9BAD-B5AF3334DF9F}.Debug|x86.Build.0 = Debug|Win32
		{6F449F24-D4FD-4E42-9BAD-B5AF3334DF9F}.Release|x64.ActiveCfg = Release|x64
		{6F449F24-D4FD-4E42-9BAD-B5AF3334DF9F}.Release|x64.Build.0 = Release|x64
		{6F449F24-D4FD-4E42-9BAD-B5AF3334DF9F}.Release|x86.ActiveCfg = Release|Win32
		{6F449F24-D4FD-4E42-9BAD-B5AF3334DF9F}.Release|x86.Build.0 = Release|Win32
		{4AE6A974-5BB1-4098-A550-A28AAE7224E5}.Debug|x64.ActiveCfg = Debug|x64
		{4AE6A974-5BB1-4098-A550-A28AAE7224E5}.Debug|x64.Build.0 = Debug|x64
		{4AE6A974-5BB1-4098-A550-A28AAE7224E5}.Debug|x86.ActiveCfg = Debug|Win32
		{4AE6A974-5BB1-4098-A550-A28AAE7224E5}.Debug|x86.Build.0 = Debug|Win32
		{4AE6A974-5BB1-4098-A550-A28AAE7224E5}.Release|x64.ActiveCfg = Release|x64
		{4AE6A974-5BB1-4098-A550-A28AAE7224E5}.Release|x64.Build.0 = Release|x64
		{4AE6A974-5BB1-4098-A550-A28AAE7224E5}.Release|x86.ActiveCfg = Release|Win32
		{4AE6A974-5BB1-4098-A550-A28AAE7224E5}.Release|x86.Build.0 = Release|Win32
		{48D59D83-088E-412B-928F-54D234E2BCA1}.Debug|x64.ActiveCfg = Debug|x64
		{48D59D83-088E-412B-928F-54D234E2BCA1}.Debug|x64.Build.0 = Debug|x64
		{48D59D83-088E-412B-928F-54D234E2BCA1}.Debug|x86.ActiveCfg = Debug|Win32
		{48D59D83-088E-412B-928F-54D234E2BCA1}.Debug|x86.Build.0 = Debug|Win32
		{48D59D83-088E-412B-928F-54D234E2BCA1}.Release|x64.ActiveCfg = Release|x64
		{48D59D83-088E-412B-928F-54D234E2BCA1}.Release|x64.Build.0 = Release|x64
		{48D59D83-088E-412B-928F-54D234E2BCA1}.Release|x86.ActiveCfg = Release|Win32
		{48D59D83-088E-412B-928F-54D234E2BCA1}.Release|x86.Build.0 = Release|Win32
	EndGlobalSection
	GlobalSection(SolutionProperties) = preSolution
		HideSolutionNode = FALSE
	EndGlobalSection
	GlobalSection(ExtensibilityGlobals) = postSolution
		SolutionGuid = {1D127F84-2BC2-4BDE-AA00-F1B4DC438F00}
	EndGlobalSection
EndGlobal
